// !$*UTF8*$!
{
	archiveVersion = 1;
	classes = {
	};
	objectVersion = 46;
	objects = {

/* Begin PBXBuildFile section */
		EFA33DED1B2702C500129C86 /* AppDelegate.swift in Sources */ = {isa = PBXBuildFile; fileRef = EFA33DEC1B2702C500129C86 /* AppDelegate.swift */; };
		EFA33DEF1B2702C500129C86 /* ViewController.swift in Sources */ = {isa = PBXBuildFile; fileRef = EFA33DEE1B2702C500129C86 /* ViewController.swift */; };
		EFA33DF21B2702C500129C86 /* Main.storyboard in Resources */ = {isa = PBXBuildFile; fileRef = EFA33DF01B2702C500129C86 /* Main.storyboard */; };
		EFA33DF41B2702C500129C86 /* Assets.xcassets in Resources */ = {isa = PBXBuildFile; fileRef = EFA33DF31B2702C500129C86 /* Assets.xcassets */; };
		EFA33DF71B2702C500129C86 /* LaunchScreen.storyboard in Resources */ = {isa = PBXBuildFile; fileRef = EFA33DF51B2702C500129C86 /* LaunchScreen.storyboard */; };
		EFA33E021B2702C500129C86 /* PostcardTests.swift in Sources */ = {isa = PBXBuildFile; fileRef = EFA33E011B2702C500129C86 /* PostcardTests.swift */; };
		EFA33E0D1B2702C500129C86 /* PostcardUITests.swift in Sources */ = {isa = PBXBuildFile; fileRef = EFA33E0C1B2702C500129C86 /* PostcardUITests.swift */; };
/* End PBXBuildFile section */

/* Begin PBXContainerItemProxy section */
		EFA33DFE1B2702C500129C86 /* PBXContainerItemProxy */ = {
			isa = PBXContainerItemProxy;
			containerPortal = EFA33DE11B2702C500129C86 /* Project object */;
			proxyType = 1;
			remoteGlobalIDString = EFA33DE81B2702C500129C86;
			remoteInfo = Postcard;
		};
		EFA33E091B2702C500129C86 /* PBXContainerItemProxy */ = {
			isa = PBXContainerItemProxy;
			containerPortal = EFA33DE11B2702C500129C86 /* Project object */;
			proxyType = 1;
			remoteGlobalIDString = EFA33DE81B2702C500129C86;
			remoteInfo = Postcard;
		};
/* End PBXContainerItemProxy section */

/* Begin PBXFileReference section */
		EFA33DE91B2702C500129C86 /* Postcard.app */ = {isa = PBXFileReference; explicitFileType = wrapper.application; includeInIndex = 0; path = Postcard.app; sourceTree = BUILT_PRODUCTS_DIR; };
		EFA33DEC1B2702C500129C86 /* AppDelegate.swift */ = {isa = PBXFileReference; lastKnownFileType = sourcecode.swift; path = AppDelegate.swift; sourceTree = "<group>"; };
		EFA33DEE1B2702C500129C86 /* ViewController.swift */ = {isa = PBXFileReference; lastKnownFileType = sourcecode.swift; path = ViewController.swift; sourceTree = "<group>"; };
		EFA33DF11B2702C500129C86 /* Base */ = {isa = PBXFileReference; lastKnownFileType = file.storyboard; name = Base; path = Base.lproj/Main.storyboard; sourceTree = "<group>"; };
		EFA33DF31B2702C500129C86 /* Assets.xcassets */ = {isa = PBXFileReference; lastKnownFileType = folder.assetcatalog; path = Assets.xcassets; sourceTree = "<group>"; };
		EFA33DF61B2702C500129C86 /* Base */ = {isa = PBXFileReference; lastKnownFileType = file.storyboard; name = Base; path = Base.lproj/LaunchScreen.storyboard; sourceTree = "<group>"; };
		EFA33DF81B2702C500129C86 /* Info.plist */ = {isa = PBXFileReference; lastKnownFileType = text.plist.xml; path = Info.plist; sourceTree = "<group>"; };
		EFA33DFD1B2702C500129C86 /* PostcardTests.xctest */ = {isa = PBXFileReference; explicitFileType = wrapper.cfbundle; includeInIndex = 0; path = PostcardTests.xctest; sourceTree = BUILT_PRODUCTS_DIR; };
		EFA33E011B2702C500129C86 /* PostcardTests.swift */ = {isa = PBXFileReference; lastKnownFileType = sourcecode.swift; path = PostcardTests.swift; sourceTree = "<group>"; };
		EFA33E031B2702C500129C86 /* Info.plist */ = {isa = PBXFileReference; lastKnownFileType = text.plist.xml; path = Info.plist; sourceTree = "<group>"; };
		EFA33E081B2702C500129C86 /* PostcardUITests.xctest */ = {isa = PBXFileReference; explicitFileType = wrapper.cfbundle; includeInIndex = 0; path = PostcardUITests.xctest; sourceTree = BUILT_PRODUCTS_DIR; };
		EFA33E0C1B2702C500129C86 /* PostcardUITests.swift */ = {isa = PBXFileReference; lastKnownFileType = sourcecode.swift; path = PostcardUITests.swift; sourceTree = "<group>"; };
		EFA33E0E1B2702C500129C86 /* Info.plist */ = {isa = PBXFileReference; lastKnownFileType = text.plist.xml; path = Info.plist; sourceTree = "<group>"; };
/* End PBXFileReference section */

/* Begin PBXFrameworksBuildPhase section */
		EFA33DE61B2702C500129C86 /* Frameworks */ = {
			isa = PBXFrameworksBuildPhase;
			buildActionMask = 2147483647;
			files = (
			);
			runOnlyForDeploymentPostprocessing = 0;
		};
		EFA33DFA1B2702C500129C86 /* Frameworks */ = {
			isa = PBXFrameworksBuildPhase;
			buildActionMask = 2147483647;
			files = (
			);
			runOnlyForDeploymentPostprocessing = 0;
		};
		EFA33E051B2702C500129C86 /* Frameworks */ = {
			isa = PBXFrameworksBuildPhase;
			buildActionMask = 2147483647;
			files = (
			);
			runOnlyForDeploymentPostprocessing = 0;
		};
/* End PBXFrameworksBuildPhase section */

/* Begin PBXGroup section */
		EFA33DE01B2702C500129C86 = {
			isa = PBXGroup;
			children = (
				EFA33DEB1B2702C500129C86 /* Postcard */,
				EFA33E001B2702C500129C86 /* PostcardTests */,
				EFA33E0B1B2702C500129C86 /* PostcardUITests */,
				EFA33DEA1B2702C500129C86 /* Products */,
			);
			sourceTree = "<group>";
		};
		EFA33DEA1B2702C500129C86 /* Products */ = {
			isa = PBXGroup;
			children = (
				EFA33DE91B2702C500129C86 /* Postcard.app */,
				EFA33DFD1B2702C500129C86 /* PostcardTests.xctest */,
				EFA33E081B2702C500129C86 /* PostcardUITests.xctest */,
			);
			name = Products;
			sourceTree = "<group>";
		};
		EFA33DEB1B2702C500129C86 /* Postcard */ = {
			isa = PBXGroup;
			children = (
				EFA33DEC1B2702C500129C86 /* AppDelegate.swift */,
				EFA33DEE1B2702C500129C86 /* ViewController.swift */,
				EFA33DF01B2702C500129C86 /* Main.storyboard */,
				EFA33DF31B2702C500129C86 /* Assets.xcassets */,
				EFA33DF51B2702C500129C86 /* LaunchScreen.storyboard */,
				EFA33DF81B2702C500129C86 /* Info.plist */,
			);
			path = Postcard;
			sourceTree = "<group>";
		};
		EFA33E001B2702C500129C86 /* PostcardTests */ = {
			isa = PBXGroup;
			children = (
				EFA33E011B2702C500129C86 /* PostcardTests.swift */,
				EFA33E031B2702C500129C86 /* Info.plist */,
			);
			path = PostcardTests;
			sourceTree = "<group>";
		};
		EFA33E0B1B2702C500129C86 /* PostcardUITests */ = {
			isa = PBXGroup;
			children = (
				EFA33E0C1B2702C500129C86 /* PostcardUITests.swift */,
				EFA33E0E1B2702C500129C86 /* Info.plist */,
			);
			path = PostcardUITests;
			sourceTree = "<group>";
		};
/* End PBXGroup section */

/* Begin PBXNativeTarget section */
		EFA33DE81B2702C500129C86 /* Postcard */ = {
			isa = PBXNativeTarget;
			buildConfigurationList = EFA33E111B2702C500129C86 /* Build configuration list for PBXNativeTarget "Postcard" */;
			buildPhases = (
				EFA33DE51B2702C500129C86 /* Sources */,
				EFA33DE61B2702C500129C86 /* Frameworks */,
				EFA33DE71B2702C500129C86 /* Resources */,
			);
			buildRules = (
			);
			dependencies = (
			);
			name = Postcard;
			productName = Postcard;
			productReference = EFA33DE91B2702C500129C86 /* Postcard.app */;
			productType = "com.apple.product-type.application";
		};
		EFA33DFC1B2702C500129C86 /* PostcardTests */ = {
			isa = PBXNativeTarget;
			buildConfigurationList = EFA33E141B2702C500129C86 /* Build configuration list for PBXNativeTarget "PostcardTests" */;
			buildPhases = (
				EFA33DF91B2702C500129C86 /* Sources */,
				EFA33DFA1B2702C500129C86 /* Frameworks */,
				EFA33DFB1B2702C500129C86 /* Resources */,
			);
			buildRules = (
			);
			dependencies = (
				EFA33DFF1B2702C500129C86 /* PBXTargetDependency */,
			);
			name = PostcardTests;
			productName = PostcardTests;
			productReference = EFA33DFD1B2702C500129C86 /* PostcardTests.xctest */;
			productType = "com.apple.product-type.bundle.unit-test";
		};
		EFA33E071B2702C500129C86 /* PostcardUITests */ = {
			isa = PBXNativeTarget;
			buildConfigurationList = EFA33E171B2702C500129C86 /* Build configuration list for PBXNativeTarget "PostcardUITests" */;
			buildPhases = (
				EFA33E041B2702C500129C86 /* Sources */,
				EFA33E051B2702C500129C86 /* Frameworks */,
				EFA33E061B2702C500129C86 /* Resources */,
			);
			buildRules = (
			);
			dependencies = (
				EFA33E0A1B2702C500129C86 /* PBXTargetDependency */,
			);
			name = PostcardUITests;
			productName = PostcardUITests;
			productReference = EFA33E081B2702C500129C86 /* PostcardUITests.xctest */;
			productType = "com.apple.product-type.bundle.ui-testing";
		};
/* End PBXNativeTarget section */

/* Begin PBXProject section */
		EFA33DE11B2702C500129C86 /* Project object */ = {
			isa = PBXProject;
			attributes = {
				LastUpgradeCheck = 0700;
				ORGANIZATIONNAME = op;
				TargetAttributes = {
					EFA33DE81B2702C500129C86 = {
						CreatedOnToolsVersion = 7.0;
					};
					EFA33DFC1B2702C500129C86 = {
						CreatedOnToolsVersion = 7.0;
						TestTargetID = EFA33DE81B2702C500129C86;
					};
					EFA33E071B2702C500129C86 = {
						CreatedOnToolsVersion = 7.0;
						TestTargetID = EFA33DE81B2702C500129C86;
					};
				};
			};
			buildConfigurationList = EFA33DE41B2702C500129C86 /* Build configuration list for PBXProject "Postcard" */;
			compatibilityVersion = "Xcode 3.2";
			developmentRegion = English;
			hasScannedForEncodings = 0;
			knownRegions = (
				en,
				Base,
			);
			mainGroup = EFA33DE01B2702C500129C86;
			productRefGroup = EFA33DEA1B2702C500129C86 /* Products */;
			projectDirPath = "";
			projectRoot = "";
			targets = (
				EFA33DE81B2702C500129C86 /* Postcard */,
				EFA33DFC1B2702C500129C86 /* PostcardTests */,
				EFA33E071B2702C500129C86 /* PostcardUITests */,
			);
		};
/* End PBXProject section */

/* Begin PBXResourcesBuildPhase section */
		EFA33DE71B2702C500129C86 /* Resources */ = {
			isa = PBXResourcesBuildPhase;
			buildActionMask = 2147483647;
			files = (
				EFA33DF71B2702C500129C86 /* LaunchScreen.storyboard in Resources */,
				EFA33DF41B2702C500129C86 /* Assets.xcassets in Resources */,
				EFA33DF21B2702C500129C86 /* Main.storyboard in Resources */,
			);
			runOnlyForDeploymentPostprocessing = 0;
		};
		EFA33DFB1B2702C500129C86 /* Resources */ = {
			isa = PBXResourcesBuildPhase;
			buildActionMask = 2147483647;
			files = (
			);
			runOnlyForDeploymentPostprocessing = 0;
		};
		EFA33E061B2702C500129C86 /* Resources */ = {
			isa = PBXResourcesBuildPhase;
			buildActionMask = 2147483647;
			files = (
			);
			runOnlyForDeploymentPostprocessing = 0;
		};
/* End PBXResourcesBuildPhase section */

/* Begin PBXSourcesBuildPhase section */
		EFA33DE51B2702C500129C86 /* Sources */ = {
			isa = PBXSourcesBuildPhase;
			buildActionMask = 2147483647;
			files = (
				EFA33DEF1B2702C500129C86 /* ViewController.swift in Sources */,
				EFA33DED1B2702C500129C86 /* AppDelegate.swift in Sources */,
			);
			runOnlyForDeploymentPostprocessing = 0;
		};
		EFA33DF91B2702C500129C86 /* Sources */ = {
			isa = PBXSourcesBuildPhase;
			buildActionMask = 2147483647;
			files = (
				EFA33E021B2702C500129C86 /* PostcardTests.swift in Sources */,
			);
			runOnlyForDeploymentPostprocessing = 0;
		};
		EFA33E041B2702C500129C86 /* Sources */ = {
			isa = PBXSourcesBuildPhase;
			buildActionMask = 2147483647;
			files = (
				EFA33E0D1B2702C500129C86 /* PostcardUITests.swift in Sources */,
			);
			runOnlyForDeploymentPostprocessing = 0;
		};
/* End PBXSourcesBuildPhase section */

/* Begin PBXTargetDependency section */
		EFA33DFF1B2702C500129C86 /* PBXTargetDependency */ = {
			isa = PBXTargetDependency;
			target = EFA33DE81B2702C500129C86 /* Postcard */;
			targetProxy = EFA33DFE1B2702C500129C86 /* PBXContainerItemProxy */;
		};
		EFA33E0A1B2702C500129C86 /* PBXTargetDependency */ = {
			isa = PBXTargetDependency;
			target = EFA33DE81B2702C500129C86 /* Postcard */;
			targetProxy = EFA33E091B2702C500129C86 /* PBXContainerItemProxy */;
		};
/* End PBXTargetDependency section */

/* Begin PBXVariantGroup section */
		EFA33DF01B2702C500129C86 /* Main.storyboard */ = {
			isa = PBXVariantGroup;
			children = (
				EFA33DF11B2702C500129C86 /* Base */,
			);
			name = Main.storyboard;
			sourceTree = "<group>";
		};
		EFA33DF51B2702C500129C86 /* LaunchScreen.storyboard */ = {
			isa = PBXVariantGroup;
			children = (
				EFA33DF61B2702C500129C86 /* Base */,
			);
			name = LaunchScreen.storyboard;
			sourceTree = "<group>";
		};
/* End PBXVariantGroup section */

/* Begin XCBuildConfiguration section */
		EFA33E0F1B2702C500129C86 /* Debug */ = {
			isa = XCBuildConfiguration;
			buildSettings = {
				ALWAYS_SEARCH_USER_PATHS = NO;
				CLANG_CXX_LANGUAGE_STANDARD = "gnu++0x";
				CLANG_CXX_LIBRARY = "libc++";
				CLANG_ENABLE_MODULES = YES;
				CLANG_ENABLE_OBJC_ARC = YES;
				CLANG_WARN_BOOL_CONVERSION = YES;
				CLANG_WARN_CONSTANT_CONVERSION = YES;
				CLANG_WARN_DIRECT_OBJC_ISA_USAGE = YES_ERROR;
				CLANG_WARN_EMPTY_BODY = YES;
				CLANG_WARN_ENUM_CONVERSION = YES;
				CLANG_WARN_INT_CONVERSION = YES;
				CLANG_WARN_OBJC_ROOT_CLASS = YES_ERROR;
				CLANG_WARN_UNREACHABLE_CODE = YES;
				CLANG_WARN__DUPLICATE_METHOD_MATCH = YES;
				"CODE_SIGN_IDENTITY[sdk=iphoneos*]" = "iPhone Developer";
				COPY_PHASE_STRIP = NO;
				DEBUG_INFORMATION_FORMAT = dwarf;
				ENABLE_STRICT_OBJC_MSGSEND = YES;
				ENABLE_TESTABILITY = YES;
				GCC_C_LANGUAGE_STANDARD = gnu99;
				GCC_DYNAMIC_NO_PIC = NO;
				GCC_NO_COMMON_BLOCKS = YES;
				GCC_OPTIMIZATION_LEVEL = 0;
				GCC_PREPROCESSOR_DEFINITIONS = (
					"DEBUG=1",
					"$(inherited)",
				);
				GCC_WARN_64_TO_32_BIT_CONVERSION = YES;
				GCC_WARN_ABOUT_RETURN_TYPE = YES_ERROR;
				GCC_WARN_UNDECLARED_SELECTOR = YES;
				GCC_WARN_UNINITIALIZED_AUTOS = YES_AGGRESSIVE;
				GCC_WARN_UNUSED_FUNCTION = YES;
				GCC_WARN_UNUSED_VARIABLE = YES;
				IPHONEOS_DEPLOYMENT_TARGET = 9.0;
				MTL_ENABLE_DEBUG_INFO = YES;
				ONLY_ACTIVE_ARCH = YES;
				SDKROOT = iphoneos;
				SWIFT_OPTIMIZATION_LEVEL = "-Onone";
				TARGETED_DEVICE_FAMILY = "1,2";
			};
			name = Debug;
		};
		EFA33E101B2702C500129C86 /* Release */ = {
			isa = XCBuildConfiguration;
			buildSettings = {
				ALWAYS_SEARCH_USER_PATHS = NO;
				CLANG_CXX_LANGUAGE_STANDARD = "gnu++0x";
				CLANG_CXX_LIBRARY = "libc++";
				CLANG_ENABLE_MODULES = YES;
				CLANG_ENABLE_OBJC_ARC = YES;
				CLANG_WARN_BOOL_CONVERSION = YES;
				CLANG_WARN_CONSTANT_CONVERSION = YES;
				CLANG_WARN_DIRECT_OBJC_ISA_USAGE = YES_ERROR;
				CLANG_WARN_EMPTY_BODY = YES;
				CLANG_WARN_ENUM_CONVERSION = YES;
				CLANG_WARN_INT_CONVERSION = YES;
				CLANG_WARN_OBJC_ROOT_CLASS = YES_ERROR;
				CLANG_WARN_UNREACHABLE_CODE = YES;
				CLANG_WARN__DUPLICATE_METHOD_MATCH = YES;
				"CODE_SIGN_IDENTITY[sdk=iphoneos*]" = "iPhone Developer";
				COPY_PHASE_STRIP = NO;
				DEBUG_INFORMATION_FORMAT = "dwarf-with-dsym";
				ENABLE_NS_ASSERTIONS = NO;
				ENABLE_STRICT_OBJC_MSGSEND = YES;
				GCC_C_LANGUAGE_STANDARD = gnu99;
				GCC_NO_COMMON_BLOCKS = YES;
				GCC_WARN_64_TO_32_BIT_CONVERSION = YES;
				GCC_WARN_ABOUT_RETURN_TYPE = YES_ERROR;
				GCC_WARN_UNDECLARED_SELECTOR = YES;
				GCC_WARN_UNINITIALIZED_AUTOS = YES_AGGRESSIVE;
				GCC_WARN_UNUSED_FUNCTION = YES;
				GCC_WARN_UNUSED_VARIABLE = YES;
				IPHONEOS_DEPLOYMENT_TARGET = 9.0;
				MTL_ENABLE_DEBUG_INFO = NO;
				SDKROOT = iphoneos;
				TARGETED_DEVICE_FAMILY = "1,2";
				VALIDATE_PRODUCT = YES;
			};
			name = Release;
		};
		EFA33E121B2702C500129C86 /* Debug */ = {
			isa = XCBuildConfiguration;
			buildSettings = {
				ASSETCATALOG_COMPILER_APPICON_NAME = AppIcon;
				INFOPLIST_FILE = Postcard/Info.plist;
				LD_RUNPATH_SEARCH_PATHS = "$(inherited) @executable_path/Frameworks";
				PRODUCT_BUNDLE_IDENTIFIER = none.Postcard;
				PRODUCT_NAME = "$(TARGET_NAME)";
			};
			name = Debug;
		};
		EFA33E131B2702C500129C86 /* Release */ = {
			isa = XCBuildConfiguration;
			buildSettings = {
				ASSETCATALOG_COMPILER_APPICON_NAME = AppIcon;
				INFOPLIST_FILE = Postcard/Info.plist;
				LD_RUNPATH_SEARCH_PATHS = "$(inherited) @executable_path/Frameworks";
				PRODUCT_BUNDLE_IDENTIFIER = none.Postcard;
				PRODUCT_NAME = "$(TARGET_NAME)";
			};
			name = Release;
		};
		EFA33E151B2702C500129C86 /* Debug */ = {
			isa = XCBuildConfiguration;
			buildSettings = {
				BUNDLE_LOADER = "$(TEST_HOST)";
				INFOPLIST_FILE = PostcardTests/Info.plist;
				LD_RUNPATH_SEARCH_PATHS = "$(inherited) @executable_path/Frameworks @loader_path/Frameworks";
				PRODUCT_BUNDLE_IDENTIFIER = none.PostcardTests;
				PRODUCT_NAME = "$(TARGET_NAME)";
				TEST_HOST = "$(BUILT_PRODUCTS_DIR)/Postcard.app/Postcard";
			};
			name = Debug;
		};
		EFA33E161B2702C500129C86 /* Release */ = {
			isa = XCBuildConfiguration;
			buildSettings = {
				BUNDLE_LOADER = "$(TEST_HOST)";
				INFOPLIST_FILE = PostcardTests/Info.plist;
				LD_RUNPATH_SEARCH_PATHS = "$(inherited) @executable_path/Frameworks @loader_path/Frameworks";
				PRODUCT_BUNDLE_IDENTIFIER = none.PostcardTests;
				PRODUCT_NAME = "$(TARGET_NAME)";
				TEST_HOST = "$(BUILT_PRODUCTS_DIR)/Postcard.app/Postcard";
			};
			name = Release;
		};
		EFA33E181B2702C500129C86 /* Debug */ = {
			isa = XCBuildConfiguration;
			buildSettings = {
				INFOPLIST_FILE = PostcardUITests/Info.plist;
				LD_RUNPATH_SEARCH_PATHS = "$(inherited) @executable_path/Frameworks @loader_path/Frameworks";
				PRODUCT_BUNDLE_IDENTIFIER = none.PostcardUITests;
				PRODUCT_NAME = "$(TARGET_NAME)";
				TEST_TARGET_NAME = Postcard;
				USES_XCTRUNNER = YES;
			};
			name = Debug;
		};
		EFA33E191B2702C500129C86 /* Release */ = {
			isa = XCBuildConfiguration;
			buildSettings = {
				INFOPLIST_FILE = PostcardUITests/Info.plist;
				LD_RUNPATH_SEARCH_PATHS = "$(inherited) @executable_path/Frameworks @loader_path/Frameworks";
				PRODUCT_BUNDLE_IDENTIFIER = none.PostcardUITests;
				PRODUCT_NAME = "$(TARGET_NAME)";
				TEST_TARGET_NAME = Postcard;
				USES_XCTRUNNER = YES;
			};
			name = Release;
		};
/* End XCBuildConfiguration section */

/* Begin XCConfigurationList section */
		EFA33DE41B2702C500129C86 /* Build configuration list for PBXProject "Postcard" */ = {
			isa = XCConfigurationList;
			buildConfigurations = (
				EFA33E0F1B2702C500129C86 /* Debug */,
				EFA33E101B2702C500129C86 /* Release */,
			);
			defaultConfigurationIsVisible = 0;
			defaultConfigurationName = Release;
		};
		EFA33E111B2702C500129C86 /* Build configuration list for PBXNativeTarget "Postcard" */ = {
			isa = XCConfigurationList;
			buildConfigurations = (
				EFA33E121B2702C500129C86 /* Debug */,
				EFA33E131B2702C500129C86 /* Release */,
			);
			defaultConfigurationIsVisible = 0;
		};
		EFA33E141B2702C500129C86 /* Build configuration list for PBXNativeTarget "PostcardTests" */ = {
			isa = XCConfigurationList;
			buildConfigurations = (
				EFA33E151B2702C500129C86 /* Debug */,
				EFA33E161B2702C500129C86 /* Release */,
			);
			defaultConfigurationIsVisible = 0;
		};
		EFA33E171B2702C500129C86 /* Build configuration list for PBXNativeTarget "PostcardUITests" */ = {
			isa = XCConfigurationList;
			buildConfigurations = (
				EFA33E181B2702C500129C86 /* Debug */,
				EFA33E191B2702C500129C86 /* Release */,
			);
			defaultConfigurationIsVisible = 0;
		};
/* End XCConfigurationList section */
	};
	rootObject = EFA33DE11B2702C500129C86 /* Project object */;
}
